
Microsoft Visual Studio Solution File, Format Version 12.00
# Visual Studio 14
VisualStudioVersion = 14.0.25420.1
MinimumVisualStudioVersion = 10.0.40219.1
Project("{FAE04EC0-301F-11D3-BF4B-00C04F79EFBC}") = "Dungeon", "Dungeon\Dungeon.csproj", "{9F6B6A8D-7441-44D7-AD32-FBAC3868EA3E}"
EndProject
Project("{FAE04EC0-301F-11D3-BF4B-00C04F79EFBC}") = "DungeonLibrary", "DungeonLibrary\DungeonLibrary.csproj", "{DC2B1EDE-4F2D-4AE9-9505-C35F5F408263}"
EndProject
Project("{FAE04EC0-301F-11D3-BF4B-00C04F79EFBC}") = "MonsterLibrary", "MonsterLibrary\MonsterLibrary.csproj", "{4473F8D8-6524-4F4B-B6B4-16C128FEF93E}"
EndProject
Global
	GlobalSection(SolutionConfigurationPlatforms) = preSolution
		Debug|Any CPU = Debug|Any CPU
		Release|Any CPU = Release|Any CPU
	EndGlobalSection
	GlobalSection(ProjectConfigurationPlatforms) = postSolution
		{9F6B6A8D-7441-44D7-AD32-FBAC3868EA3E}.Debug|Any CPU.ActiveCfg = Debug|Any CPU
		{9F6B6A8D-7441-44D7-AD32-FBAC3868EA3E}.Debug|Any CPU.Build.0 = Debug|Any CPU
		{9F6B6A8D-7441-44D7-AD32-FBAC3868EA3E}.Release|Any CPU.ActiveCfg = Release|Any CPU
		{9F6B6A8D-7441-44D7-AD32-FBAC3868EA3E}.Release|Any CPU.Build.0 = Release|Any CPU
		{DC2B1EDE-4F2D-4AE9-9505-C35F5F408263}.Debug|Any CPU.ActiveCfg = Debug|Any CPU
		{DC2B1EDE-4F2D-4AE9-9505-C35F5F408263}.Debug|Any CPU.Build.0 = Debug|Any CPU
		{DC2B1EDE-4F2D-4AE9-9505-C35F5F408263}.Release|Any CPU.ActiveCfg = Release|Any CPU
		{DC2B1EDE-4F2D-4AE9-9505-C35F5F408263}.Release|Any CPU.Build.0 = Release|Any CPU
		{4473F8D8-6524-4F4B-B6B4-16C128FEF93E}.Debug|Any CPU.ActiveCfg = Debug|Any CPU
		{4473F8D8-6524-4F4B-B6B4-16C128FEF93E}.Debug|Any CPU.Build.0 = Debug|Any CPU
		{4473F8D8-6524-4F4B-B6B4-16C128FEF93E}.Release|Any CPU.ActiveCfg = Release|Any CPU
		{4473F8D8-6524-4F4B-B6B4-16C128FEF93E}.Release|Any CPU.Build.0 = Release|Any CPU
	EndGlobalSection
	GlobalSection(SolutionProperties) = preSolution
		HideSolutionNode = FALSE
	EndGlobalSection
EndGlobal
